
Microsoft Visual Studio Solution File, Format Version 12.00
# Visual Studio Version 17
VisualStudioVersion = 17.2.32630.192
MinimumVisualStudioVersion = 10.0.40219.1
Project("{FAE04EC0-301F-11D3-BF4B-00C04F79EFBC}") = "ChatroomServer", "ChatroomServer\ChatroomServer.csproj", "{B2EA59E8-CB12-4829-A56D-D501FDCA5253}"
EndProject
Project("{FAE04EC0-301F-11D3-BF4B-00C04F79EFBC}") = "DataAccessLibrary", "DataAccessLibrary\DataAccessLibrary.csproj", "{801C329E-7077-418A-9121-5561101181F6}"
EndProject
Global
	GlobalSection(SolutionConfigurationPlatforms) = preSolution
		Debug|Any CPU = Debug|Any CPU
		Release|Any CPU = Release|Any CPU
	EndGlobalSection
	GlobalSection(ProjectConfigurationPlatforms) = postSolution
		{B2EA59E8-CB12-4829-A56D-D501FDCA5253}.Debug|Any CPU.ActiveCfg = Debug|Any CPU
		{B2EA59E8-CB12-4829-A56D-D501FDCA5253}.Debug|Any CPU.Build.0 = Debug|Any CPU
		{B2EA59E8-CB12-4829-A56D-D501FDCA5253}.Release|Any CPU.ActiveCfg = Release|Any CPU
		{B2EA59E8-CB12-4829-A56D-D501FDCA5253}.Release|Any CPU.Build.0 = Release|Any CPU
		{801C329E-7077-418A-9121-5561101181F6}.Debug|Any CPU.ActiveCfg = Debug|Any CPU
		{801C329E-7077-418A-9121-5561101181F6}.Debug|Any CPU.Build.0 = Debug|Any CPU
		{801C329E-7077-418A-9121-5561101181F6}.Release|Any CPU.ActiveCfg = Release|Any CPU
		{801C329E-7077-418A-9121-5561101181F6}.Release|Any CPU.Build.0 = Release|Any CPU
	EndGlobalSection
	GlobalSection(SolutionProperties) = preSolution
		HideSolutionNode = FALSE
	EndGlobalSection
	GlobalSection(ExtensibilityGlobals) = postSolution
		SolutionGuid = {A076403E-7123-4FB6-BC4E-061DBC7360E6}
	EndGlobalSection
EndGlobal
